
Microsoft Visual Studio Solution File, Format Version 10.00
# Visual Studio 2008
Project("{FAE04EC0-301F-11D3-BF4B-00C04F79EFBC}") = "GeneralReport_Console", "GeneralReport_Console\GeneralReport_Console.csproj", "{B604BFB1-F851-40AE-8048-3A9F2A50DD29}"
EndProject
Global
	GlobalSection(SolutionConfigurationPlatforms) = preSolution
		Debug|Any CPU = Debug|Any CPU
		Release|Any CPU = Release|Any CPU
	EndGlobalSection
	GlobalSection(ProjectConfigurationPlatforms) = postSolution
		{B604BFB1-F851-40AE-8048-3A9F2A50DD29}.Debug|Any CPU.ActiveCfg = Debug|Any CPU
		{B604BFB1-F851-40AE-8048-3A9F2A50DD29}.Debug|Any CPU.Build.0 = Debug|Any CPU
		{B604BFB1-F851-40AE-8048-3A9F2A50DD29}.Release|Any CPU.ActiveCfg = Release|Any CPU
		{B604BFB1-F851-40AE-8048-3A9F2A50DD29}.Release|Any CPU.Build.0 = Release|Any CPU
	EndGlobalSection
	GlobalSection(SolutionProperties) = preSolution
		HideSolutionNode = FALSE
	EndGlobalSection
EndGlobal
