
Microsoft Visual Studio Solution File, Format Version 10.00
# Visual Studio 2008
Project("{FAE04EC0-301F-11D3-BF4B-00C04F79EFBC}") = "CrystalReport_Console", "CrystalReport_Console\CrystalReport_Console.csproj", "{29CFE3F8-C284-4E04-A556-25E4FA0C537D}"
EndProject
Global
	GlobalSection(SolutionConfigurationPlatforms) = preSolution
		Debug|Any CPU = Debug|Any CPU
		Release|Any CPU = Release|Any CPU
	EndGlobalSection
	GlobalSection(ProjectConfigurationPlatforms) = postSolution
		{29CFE3F8-C284-4E04-A556-25E4FA0C537D}.Debug|Any CPU.ActiveCfg = Debug|Any CPU
		{29CFE3F8-C284-4E04-A556-25E4FA0C537D}.Debug|Any CPU.Build.0 = Debug|Any CPU
		{29CFE3F8-C284-4E04-A556-25E4FA0C537D}.Release|Any CPU.ActiveCfg = Release|Any CPU
		{29CFE3F8-C284-4E04-A556-25E4FA0C537D}.Release|Any CPU.Build.0 = Release|Any CPU
	EndGlobalSection
	GlobalSection(SolutionProperties) = preSolution
		HideSolutionNode = FALSE
	EndGlobalSection
EndGlobal
